// !$*UTF8*$!
{
	archiveVersion = 1;
	classes = {
	};
	objectVersion = 50;
	objects = {

/* Begin PBXBuildFile section */
		C73D9CA525132AA000742835 /* AppDelegate.swift in Sources */ = {isa = PBXBuildFile; fileRef = C73D9CA425132AA000742835 /* AppDelegate.swift */; };
		C73D9CA725132AA000742835 /* SceneDelegate.swift in Sources */ = {isa = PBXBuildFile; fileRef = C73D9CA625132AA000742835 /* SceneDelegate.swift */; };
		C73D9CA925132AA000742835 /* ViewController.swift in Sources */ = {isa = PBXBuildFile; fileRef = C73D9CA825132AA000742835 /* ViewController.swift */; };
		C73D9CAC25132AA000742835 /* Main.storyboard in Resources */ = {isa = PBXBuildFile; fileRef = C73D9CAA25132AA000742835 /* Main.storyboard */; };
		C73D9CAE25132AA200742835 /* Assets.xcassets in Resources */ = {isa = PBXBuildFile; fileRef = C73D9CAD25132AA200742835 /* Assets.xcassets */; };
		C73D9CB125132AA200742835 /* LaunchScreen.storyboard in Resources */ = {isa = PBXBuildFile; fileRef = C73D9CAF25132AA200742835 /* LaunchScreen.storyboard */; };
		C73D9CBC25132AA300742835 /* VideoStreamiOSTests.swift in Sources */ = {isa = PBXBuildFile; fileRef = C73D9CBB25132AA300742835 /* VideoStreamiOSTests.swift */; };
		C73D9CC725132AA300742835 /* VideoStreamiOSUITests.swift in Sources */ = {isa = PBXBuildFile; fileRef = C73D9CC625132AA300742835 /* VideoStreamiOSUITests.swift */; };
/* End PBXBuildFile section */

/* Begin PBXContainerItemProxy section */
		C73D9CB825132AA200742835 /* PBXContainerItemProxy */ = {
			isa = PBXContainerItemProxy;
			containerPortal = C73D9C9925132AA000742835 /* Project object */;
			proxyType = 1;
			remoteGlobalIDString = C73D9CA025132AA000742835;
			remoteInfo = VideoStreamiOS;
		};
		C73D9CC325132AA300742835 /* PBXContainerItemProxy */ = {
			isa = PBXContainerItemProxy;
			containerPortal = C73D9C9925132AA000742835 /* Project object */;
			proxyType = 1;
			remoteGlobalIDString = C73D9CA025132AA000742835;
			remoteInfo = VideoStreamiOS;
		};
/* End PBXContainerItemProxy section */

/* Begin PBXFileReference section */
		C73D9CA125132AA000742835 /* VideoStreamiOS.app */ = {isa = PBXFileReference; explicitFileType = wrapper.application; includeInIndex = 0; path = VideoStreamiOS.app; sourceTree = BUILT_PRODUCTS_DIR; };
		C73D9CA425132AA000742835 /* AppDelegate.swift */ = {isa = PBXFileReference; lastKnownFileType = sourcecode.swift; path = AppDelegate.swift; sourceTree = "<group>"; };
		C73D9CA625132AA000742835 /* SceneDelegate.swift */ = {isa = PBXFileReference; lastKnownFileType = sourcecode.swift; path = SceneDelegate.swift; sourceTree = "<group>"; };
		C73D9CA825132AA000742835 /* ViewController.swift */ = {isa = PBXFileReference; lastKnownFileType = sourcecode.swift; path = ViewController.swift; sourceTree = "<group>"; };
		C73D9CAB25132AA000742835 /* Base */ = {isa = PBXFileReference; lastKnownFileType = file.storyboard; name = Base; path = Base.lproj/Main.storyboard; sourceTree = "<group>"; };
		C73D9CAD25132AA200742835 /* Assets.xcassets */ = {isa = PBXFileReference; lastKnownFileType = folder.assetcatalog; path = Assets.xcassets; sourceTree = "<group>"; };
		C73D9CB025132AA200742835 /* Base */ = {isa = PBXFileReference; lastKnownFileType = file.storyboard; name = Base; path = Base.lproj/LaunchScreen.storyboard; sourceTree = "<group>"; };
		C73D9CB225132AA200742835 /* Info.plist */ = {isa = PBXFileReference; lastKnownFileType = text.plist.xml; path = Info.plist; sourceTree = "<group>"; };
		C73D9CB725132AA200742835 /* VideoStreamiOSTests.xctest */ = {isa = PBXFileReference; explicitFileType = wrapper.cfbundle; includeInIndex = 0; path = VideoStreamiOSTests.xctest; sourceTree = BUILT_PRODUCTS_DIR; };
		C73D9CBB25132AA300742835 /* VideoStreamiOSTests.swift */ = {isa = PBXFileReference; lastKnownFileType = sourcecode.swift; path = VideoStreamiOSTests.swift; sourceTree = "<group>"; };
		C73D9CBD25132AA300742835 /* Info.plist */ = {isa = PBXFileReference; lastKnownFileType = text.plist.xml; path = Info.plist; sourceTree = "<group>"; };
		C73D9CC225132AA300742835 /* VideoStreamiOSUITests.xctest */ = {isa = PBXFileReference; explicitFileType = wrapper.cfbundle; includeInIndex = 0; path = VideoStreamiOSUITests.xctest; sourceTree = BUILT_PRODUCTS_DIR; };
		C73D9CC625132AA300742835 /* VideoStreamiOSUITests.swift */ = {isa = PBXFileReference; lastKnownFileType = sourcecode.swift; path = VideoStreamiOSUITests.swift; sourceTree = "<group>"; };
		C73D9CC825132AA300742835 /* Info.plist */ = {isa = PBXFileReference; lastKnownFileType = text.plist.xml; path = Info.plist; sourceTree = "<group>"; };
/* End PBXFileReference section */

/* Begin PBXFrameworksBuildPhase section */
		C73D9C9E25132AA000742835 /* Frameworks */ = {
			isa = PBXFrameworksBuildPhase;
			buildActionMask = 2147483647;
			files = (
			);
			runOnlyForDeploymentPostprocessing = 0;
		};
		C73D9CB425132AA200742835 /* Frameworks */ = {
			isa = PBXFrameworksBuildPhase;
			buildActionMask = 2147483647;
			files = (
			);
			runOnlyForDeploymentPostprocessing = 0;
		};
		C73D9CBF25132AA300742835 /* Frameworks */ = {
			isa = PBXFrameworksBuildPhase;
			buildActionMask = 2147483647;
			files = (
			);
			runOnlyForDeploymentPostprocessing = 0;
		};
/* End PBXFrameworksBuildPhase section */

/* Begin PBXGroup section */
		C73D9C9825132AA000742835 = {
			isa = PBXGroup;
			children = (
				C73D9CA325132AA000742835 /* VideoStreamiOS */,
				C73D9CBA25132AA200742835 /* VideoStreamiOSTests */,
				C73D9CC525132AA300742835 /* VideoStreamiOSUITests */,
				C73D9CA225132AA000742835 /* Products */,
			);
			sourceTree = "<group>";
		};
		C73D9CA225132AA000742835 /* Products */ = {
			isa = PBXGroup;
			children = (
				C73D9CA125132AA000742835 /* VideoStreamiOS.app */,
				C73D9CB725132AA200742835 /* VideoStreamiOSTests.xctest */,
				C73D9CC225132AA300742835 /* VideoStreamiOSUITests.xctest */,
			);
			name = Products;
			sourceTree = "<group>";
		};
		C73D9CA325132AA000742835 /* VideoStreamiOS */ = {
			isa = PBXGroup;
			children = (
				C73D9CA425132AA000742835 /* AppDelegate.swift */,
				C73D9CA625132AA000742835 /* SceneDelegate.swift */,
				C73D9CA825132AA000742835 /* ViewController.swift */,
				C73D9CAA25132AA000742835 /* Main.storyboard */,
				C73D9CAD25132AA200742835 /* Assets.xcassets */,
				C73D9CAF25132AA200742835 /* LaunchScreen.storyboard */,
				C73D9CB225132AA200742835 /* Info.plist */,
			);
			path = VideoStreamiOS;
			sourceTree = "<group>";
		};
		C73D9CBA25132AA200742835 /* VideoStreamiOSTests */ = {
			isa = PBXGroup;
			children = (
				C73D9CBB25132AA300742835 /* VideoStreamiOSTests.swift */,
				C73D9CBD25132AA300742835 /* Info.plist */,
			);
			path = VideoStreamiOSTests;
			sourceTree = "<group>";
		};
		C73D9CC525132AA300742835 /* VideoStreamiOSUITests */ = {
			isa = PBXGroup;
			children = (
				C73D9CC625132AA300742835 /* VideoStreamiOSUITests.swift */,
				C73D9CC825132AA300742835 /* Info.plist */,
			);
			path = VideoStreamiOSUITests;
			sourceTree = "<group>";
		};
/* End PBXGroup section */

/* Begin PBXNativeTarget section */
		C73D9CA025132AA000742835 /* VideoStreamiOS */ = {
			isa = PBXNativeTarget;
			buildConfigurationList = C73D9CCB25132AA300742835 /* Build configuration list for PBXNativeTarget "VideoStreamiOS" */;
			buildPhases = (
				C73D9C9D25132AA000742835 /* Sources */,
				C73D9C9E25132AA000742835 /* Frameworks */,
				C73D9C9F25132AA000742835 /* Resources */,
			);
			buildRules = (
			);
			dependencies = (
			);
			name = VideoStreamiOS;
			productName = VideoStreamiOS;
			productReference = C73D9CA125132AA000742835 /* VideoStreamiOS.app */;
			productType = "com.apple.product-type.application";
		};
		C73D9CB625132AA200742835 /* VideoStreamiOSTests */ = {
			isa = PBXNativeTarget;
			buildConfigurationList = C73D9CCE25132AA300742835 /* Build configuration list for PBXNativeTarget "VideoStreamiOSTests" */;
			buildPhases = (
				C73D9CB325132AA200742835 /* Sources */,
				C73D9CB425132AA200742835 /* Frameworks */,
				C73D9CB525132AA200742835 /* Resources */,
			);
			buildRules = (
			);
			dependencies = (
				C73D9CB925132AA200742835 /* PBXTargetDependency */,
			);
			name = VideoStreamiOSTests;
			productName = VideoStreamiOSTests;
			productReference = C73D9CB725132AA200742835 /* VideoStreamiOSTests.xctest */;
			productType = "com.apple.product-type.bundle.unit-test";
		};
		C73D9CC125132AA300742835 /* VideoStreamiOSUITests */ = {
			isa = PBXNativeTarget;
			buildConfigurationList = C73D9CD125132AA300742835 /* Build configuration list for PBXNativeTarget "VideoStreamiOSUITests" */;
			buildPhases = (
				C73D9CBE25132AA300742835 /* Sources */,
				C73D9CBF25132AA300742835 /* Frameworks */,
				C73D9CC025132AA300742835 /* Resources */,
			);
			buildRules = (
			);
			dependencies = (
				C73D9CC425132AA300742835 /* PBXTargetDependency */,
			);
			name = VideoStreamiOSUITests;
			productName = VideoStreamiOSUITests;
			productReference = C73D9CC225132AA300742835 /* VideoStreamiOSUITests.xctest */;
			productType = "com.apple.product-type.bundle.ui-testing";
		};
/* End PBXNativeTarget section */

/* Begin PBXProject section */
		C73D9C9925132AA000742835 /* Project object */ = {
			isa = PBXProject;
			attributes = {
				LastSwiftUpdateCheck = 1200;
				LastUpgradeCheck = 1200;
				TargetAttributes = {
					C73D9CA025132AA000742835 = {
						CreatedOnToolsVersion = 12.0;
					};
					C73D9CB625132AA200742835 = {
						CreatedOnToolsVersion = 12.0;
						TestTargetID = C73D9CA025132AA000742835;
					};
					C73D9CC125132AA300742835 = {
						CreatedOnToolsVersion = 12.0;
						TestTargetID = C73D9CA025132AA000742835;
					};
				};
			};
			buildConfigurationList = C73D9C9C25132AA000742835 /* Build configuration list for PBXProject "VideoStreamiOS" */;
			compatibilityVersion = "Xcode 9.3";
			developmentRegion = en;
			hasScannedForEncodings = 0;
			knownRegions = (
				en,
				Base,
			);
			mainGroup = C73D9C9825132AA000742835;
			productRefGroup = C73D9CA225132AA000742835 /* Products */;
			projectDirPath = "";
			projectRoot = "";
			targets = (
				C73D9CA025132AA000742835 /* VideoStreamiOS */,
				C73D9CB625132AA200742835 /* VideoStreamiOSTests */,
				C73D9CC125132AA300742835 /* VideoStreamiOSUITests */,
			);
		};
/* End PBXProject section */

/* Begin PBXResourcesBuildPhase section */
		C73D9C9F25132AA000742835 /* Resources */ = {
			isa = PBXResourcesBuildPhase;
			buildActionMask = 2147483647;
			files = (
				C73D9CB125132AA200742835 /* LaunchScreen.storyboard in Resources */,
				C73D9CAE25132AA200742835 /* Assets.xcassets in Resources */,
				C73D9CAC25132AA000742835 /* Main.storyboard in Resources */,
			);
			runOnlyForDeploymentPostprocessing = 0;
		};
		C73D9CB525132AA200742835 /* Resources */ = {
			isa = PBXResourcesBuildPhase;
			buildActionMask = 2147483647;
			files = (
			);
			runOnlyForDeploymentPostprocessing = 0;
		};
		C73D9CC025132AA300742835 /* Resources */ = {
			isa = PBXResourcesBuildPhase;
			buildActionMask = 2147483647;
			files = (
			);
			runOnlyForDeploymentPostprocessing = 0;
		};
/* End PBXResourcesBuildPhase section */

/* Begin PBXSourcesBuildPhase section */
		C73D9C9D25132AA000742835 /* Sources */ = {
			isa = PBXSourcesBuildPhase;
			buildActionMask = 2147483647;
			files = (
				C73D9CA925132AA000742835 /* ViewController.swift in Sources */,
				C73D9CA525132AA000742835 /* AppDelegate.swift in Sources */,
				C73D9CA725132AA000742835 /* SceneDelegate.swift in Sources */,
			);
			runOnlyForDeploymentPostprocessing = 0;
		};
		C73D9CB325132AA200742835 /* Sources */ = {
			isa = PBXSourcesBuildPhase;
			buildActionMask = 2147483647;
			files = (
				C73D9CBC25132AA300742835 /* VideoStreamiOSTests.swift in Sources */,
			);
			runOnlyForDeploymentPostprocessing = 0;
		};
		C73D9CBE25132AA300742835 /* Sources */ = {
			isa = PBXSourcesBuildPhase;
			buildActionMask = 2147483647;
			files = (
				C73D9CC725132AA300742835 /* VideoStreamiOSUITests.swift in Sources */,
			);
			runOnlyForDeploymentPostprocessing = 0;
		};
/* End PBXSourcesBuildPhase section */

/* Begin PBXTargetDependency section */
		C73D9CB925132AA200742835 /* PBXTargetDependency */ = {
			isa = PBXTargetDependency;
			target = C73D9CA025132AA000742835 /* VideoStreamiOS */;
			targetProxy = C73D9CB825132AA200742835 /* PBXContainerItemProxy */;
		};
		C73D9CC425132AA300742835 /* PBXTargetDependency */ = {
			isa = PBXTargetDependency;
			target = C73D9CA025132AA000742835 /* VideoStreamiOS */;
			targetProxy = C73D9CC325132AA300742835 /* PBXContainerItemProxy */;
		};
/* End PBXTargetDependency section */

/* Begin PBXVariantGroup section */
		C73D9CAA25132AA000742835 /* Main.storyboard */ = {
			isa = PBXVariantGroup;
			children = (
				C73D9CAB25132AA000742835 /* Base */,
			);
			name = Main.storyboard;
			sourceTree = "<group>";
		};
		C73D9CAF25132AA200742835 /* LaunchScreen.storyboard */ = {
			isa = PBXVariantGroup;
			children = (
				C73D9CB025132AA200742835 /* Base */,
			);
			name = LaunchScreen.storyboard;
			sourceTree = "<group>";
		};
/* End PBXVariantGroup section */

/* Begin XCBuildConfiguration section */
		C73D9CC925132AA300742835 /* Debug */ = {
			isa = XCBuildConfiguration;
			buildSettings = {
				ALWAYS_SEARCH_USER_PATHS = NO;
				CLANG_ANALYZER_NONNULL = YES;
				CLANG_ANALYZER_NUMBER_OBJECT_CONVERSION = YES_AGGRESSIVE;
				CLANG_CXX_LANGUAGE_STANDARD = "gnu++14";
				CLANG_CXX_LIBRARY = "libc++";
				CLANG_ENABLE_MODULES = YES;
				CLANG_ENABLE_OBJC_ARC = YES;
				CLANG_ENABLE_OBJC_WEAK = YES;
				CLANG_WARN_BLOCK_CAPTURE_AUTORELEASING = YES;
				CLANG_WARN_BOOL_CONVERSION = YES;
				CLANG_WARN_COMMA = YES;
				CLANG_WARN_CONSTANT_CONVERSION = YES;
				CLANG_WARN_DEPRECATED_OBJC_IMPLEMENTATIONS = YES;
				CLANG_WARN_DIRECT_OBJC_ISA_USAGE = YES_ERROR;
				CLANG_WARN_DOCUMENTATION_COMMENTS = YES;
				CLANG_WARN_EMPTY_BODY = YES;
				CLANG_WARN_ENUM_CONVERSION = YES;
				CLANG_WARN_INFINITE_RECURSION = YES;
				CLANG_WARN_INT_CONVERSION = YES;
				CLANG_WARN_NON_LITERAL_NULL_CONVERSION = YES;
				CLANG_WARN_OBJC_IMPLICIT_RETAIN_SELF = YES;
				CLANG_WARN_OBJC_LITERAL_CONVERSION = YES;
				CLANG_WARN_OBJC_ROOT_CLASS = YES_ERROR;
				CLANG_WARN_QUOTED_INCLUDE_IN_FRAMEWORK_HEADER = YES;
				CLANG_WARN_RANGE_LOOP_ANALYSIS = YES;
				CLANG_WARN_STRICT_PROTOTYPES = YES;
				CLANG_WARN_SUSPICIOUS_MOVE = YES;
				CLANG_WARN_UNGUARDED_AVAILABILITY = YES_AGGRESSIVE;
				CLANG_WARN_UNREACHABLE_CODE = YES;
				CLANG_WARN__DUPLICATE_METHOD_MATCH = YES;
				COPY_PHASE_STRIP = NO;
				DEBUG_INFORMATION_FORMAT = dwarf;
				ENABLE_STRICT_OBJC_MSGSEND = YES;
				ENABLE_TESTABILITY = YES;
				GCC_C_LANGUAGE_STANDARD = gnu11;
				GCC_DYNAMIC_NO_PIC = NO;
				GCC_NO_COMMON_BLOCKS = YES;
				GCC_OPTIMIZATION_LEVEL = 0;
				GCC_PREPROCESSOR_DEFINITIONS = (
					"DEBUG=1",
					"$(inherited)",
				);
				GCC_WARN_64_TO_32_BIT_CONVERSION = YES;
				GCC_WARN_ABOUT_RETURN_TYPE = YES_ERROR;
				GCC_WARN_UNDECLARED_SELECTOR = YES;
				GCC_WARN_UNINITIALIZED_AUTOS = YES_AGGRESSIVE;
				GCC_WARN_UNUSED_FUNCTION = YES;
				GCC_WARN_UNUSED_VARIABLE = YES;
				IPHONEOS_DEPLOYMENT_TARGET = 14.0;
				MTL_ENABLE_DEBUG_INFO = INCLUDE_SOURCE;
				MTL_FAST_MATH = YES;
				ONLY_ACTIVE_ARCH = YES;
				SDKROOT = iphoneos;
				SWIFT_ACTIVE_COMPILATION_CONDITIONS = DEBUG;
				SWIFT_OPTIMIZATION_LEVEL = "-Onone";
			};
			name = Debug;
		};
		C73D9CCA25132AA300742835 /* Release */ = {
			isa = XCBuildConfiguration;
			buildSettings = {
				ALWAYS_SEARCH_USER_PATHS = NO;
				CLANG_ANALYZER_NONNULL = YES;
				CLANG_ANALYZER_NUMBER_OBJECT_CONVERSION = YES_AGGRESSIVE;
				CLANG_CXX_LANGUAGE_STANDARD = "gnu++14";
				CLANG_CXX_LIBRARY = "libc++";
				CLANG_ENABLE_MODULES = YES;
				CLANG_ENABLE_OBJC_ARC = YES;
				CLANG_ENABLE_OBJC_WEAK = YES;
				CLANG_WARN_BLOCK_CAPTURE_AUTORELEASING = YES;
				CLANG_WARN_BOOL_CONVERSION = YES;
				CLANG_WARN_COMMA = YES;
				CLANG_WARN_CONSTANT_CONVERSION = YES;
				CLANG_WARN_DEPRECATED_OBJC_IMPLEMENTATIONS = YES;
				CLANG_WARN_DIRECT_OBJC_ISA_USAGE = YES_ERROR;
				CLANG_WARN_DOCUMENTATION_COMMENTS = YES;
				CLANG_WARN_EMPTY_BODY = YES;
				CLANG_WARN_ENUM_CONVERSION = YES;
				CLANG_WARN_INFINITE_RECURSION = YES;
				CLANG_WARN_INT_CONVERSION = YES;
				CLANG_WARN_NON_LITERAL_NULL_CONVERSION = YES;
				CLANG_WARN_OBJC_IMPLICIT_RETAIN_SELF = YES;
				CLANG_WARN_OBJC_LITERAL_CONVERSION = YES;
				CLANG_WARN_OBJC_ROOT_CLASS = YES_ERROR;
				CLANG_WARN_QUOTED_INCLUDE_IN_FRAMEWORK_HEADER = YES;
				CLANG_WARN_RANGE_LOOP_ANALYSIS = YES;
				CLANG_WARN_STRICT_PROTOTYPES = YES;
				CLANG_WARN_SUSPICIOUS_MOVE = YES;
				CLANG_WARN_UNGUARDED_AVAILABILITY = YES_AGGRESSIVE;
				CLANG_WARN_UNREACHABLE_CODE = YES;
				CLANG_WARN__DUPLICATE_METHOD_MATCH = YES;
				COPY_PHASE_STRIP = NO;
				DEBUG_INFORMATION_FORMAT = "dwarf-with-dsym";
				ENABLE_NS_ASSERTIONS = NO;
				ENABLE_STRICT_OBJC_MSGSEND = YES;
				GCC_C_LANGUAGE_STANDARD = gnu11;
				GCC_NO_COMMON_BLOCKS = YES;
				GCC_WARN_64_TO_32_BIT_CONVERSION = YES;
				GCC_WARN_ABOUT_RETURN_TYPE = YES_ERROR;
				GCC_WARN_UNDECLARED_SELECTOR = YES;
				GCC_WARN_UNINITIALIZED_AUTOS = YES_AGGRESSIVE;
				GCC_WARN_UNUSED_FUNCTION = YES;
				GCC_WARN_UNUSED_VARIABLE = YES;
				IPHONEOS_DEPLOYMENT_TARGET = 14.0;
				MTL_ENABLE_DEBUG_INFO = NO;
				MTL_FAST_MATH = YES;
				SDKROOT = iphoneos;
				SWIFT_COMPILATION_MODE = wholemodule;
				SWIFT_OPTIMIZATION_LEVEL = "-O";
				VALIDATE_PRODUCT = YES;
			};
			name = Release;
		};
		C73D9CCC25132AA300742835 /* Debug */ = {
			isa = XCBuildConfiguration;
			buildSettings = {
				ASSETCATALOG_COMPILER_APPICON_NAME = AppIcon;
				ASSETCATALOG_COMPILER_GLOBAL_ACCENT_COLOR_NAME = AccentColor;
				CODE_SIGN_STYLE = Automatic;
				DEVELOPMENT_TEAM = 4V73ZJ9M9P;
				INFOPLIST_FILE = VideoStreamiOS/Info.plist;
				LD_RUNPATH_SEARCH_PATHS = (
					"$(inherited)",
					"@executable_path/Frameworks",
				);
				PRODUCT_BUNDLE_IDENTIFIER = com.bclab.videostream.VideoStreamiOS;
				PRODUCT_NAME = "$(TARGET_NAME)";
				SWIFT_VERSION = 5.0;
				TARGETED_DEVICE_FAMILY = "1,2";
			};
			name = Debug;
		};
		C73D9CCD25132AA300742835 /* Release */ = {
			isa = XCBuildConfiguration;
			buildSettings = {
				ASSETCATALOG_COMPILER_APPICON_NAME = AppIcon;
				ASSETCATALOG_COMPILER_GLOBAL_ACCENT_COLOR_NAME = AccentColor;
				CODE_SIGN_STYLE = Automatic;
				DEVELOPMENT_TEAM = 4V73ZJ9M9P;
				INFOPLIST_FILE = VideoStreamiOS/Info.plist;
				LD_RUNPATH_SEARCH_PATHS = (
					"$(inherited)",
					"@executable_path/Frameworks",
				);
				PRODUCT_BUNDLE_IDENTIFIER = com.bclab.videostream.VideoStreamiOS;
				PRODUCT_NAME = "$(TARGET_NAME)";
				SWIFT_VERSION = 5.0;
				TARGETED_DEVICE_FAMILY = "1,2";
			};
			name = Release;
		};
		C73D9CCF25132AA300742835 /* Debug */ = {
			isa = XCBuildConfiguration;
			buildSettings = {
				ALWAYS_EMBED_SWIFT_STANDARD_LIBRARIES = YES;
				BUNDLE_LOADER = "$(TEST_HOST)";
				CODE_SIGN_STYLE = Automatic;
				DEVELOPMENT_TEAM = 4V73ZJ9M9P;
				INFOPLIST_FILE = VideoStreamiOSTests/Info.plist;
				IPHONEOS_DEPLOYMENT_TARGET = 14.0;
				LD_RUNPATH_SEARCH_PATHS = (
					"$(inherited)",
					"@executable_path/Frameworks",
					"@loader_path/Frameworks",
				);
				PRODUCT_BUNDLE_IDENTIFIER = com.bclab.videostream.VideoStreamiOSTests;
				PRODUCT_NAME = "$(TARGET_NAME)";
				SWIFT_VERSION = 5.0;
				TARGETED_DEVICE_FAMILY = "1,2";
				TEST_HOST = "$(BUILT_PRODUCTS_DIR)/VideoStreamiOS.app/VideoStreamiOS";
			};
			name = Debug;
		};
		C73D9CD025132AA300742835 /* Release */ = {
			isa = XCBuildConfiguration;
			buildSettings = {
				ALWAYS_EMBED_SWIFT_STANDARD_LIBRARIES = YES;
				BUNDLE_LOADER = "$(TEST_HOST)";
				CODE_SIGN_STYLE = Automatic;
				DEVELOPMENT_TEAM = 4V73ZJ9M9P;
				INFOPLIST_FILE = VideoStreamiOSTests/Info.plist;
				IPHONEOS_DEPLOYMENT_TARGET = 14.0;
				LD_RUNPATH_SEARCH_PATHS = (
					"$(inherited)",
					"@executable_path/Frameworks",
					"@loader_path/Frameworks",
				);
				PRODUCT_BUNDLE_IDENTIFIER = com.bclab.videostream.VideoStreamiOSTests;
				PRODUCT_NAME = "$(TARGET_NAME)";
				SWIFT_VERSION = 5.0;
				TARGETED_DEVICE_FAMILY = "1,2";
				TEST_HOST = "$(BUILT_PRODUCTS_DIR)/VideoStreamiOS.app/VideoStreamiOS";
			};
			name = Release;
		};
		C73D9CD225132AA300742835 /* Debug */ = {
			isa = XCBuildConfiguration;
			buildSettings = {
				ALWAYS_EMBED_SWIFT_STANDARD_LIBRARIES = YES;
				CODE_SIGN_STYLE = Automatic;
				DEVELOPMENT_TEAM = 4V73ZJ9M9P;
				INFOPLIST_FILE = VideoStreamiOSUITests/Info.plist;
				LD_RUNPATH_SEARCH_PATHS = (
					"$(inherited)",
					"@executable_path/Frameworks",
					"@loader_path/Frameworks",
				);
				PRODUCT_BUNDLE_IDENTIFIER = com.bclab.videostream.VideoStreamiOSUITests;
				PRODUCT_NAME = "$(TARGET_NAME)";
				SWIFT_VERSION = 5.0;
				TARGETED_DEVICE_FAMILY = "1,2";
				TEST_TARGET_NAME = VideoStreamiOS;
			};
			name = Debug;
		};
		C73D9CD325132AA300742835 /* Release */ = {
			isa = XCBuildConfiguration;
			buildSettings = {
				ALWAYS_EMBED_SWIFT_STANDARD_LIBRARIES = YES;
				CODE_SIGN_STYLE = Automatic;
				DEVELOPMENT_TEAM = 4V73ZJ9M9P;
				INFOPLIST_FILE = VideoStreamiOSUITests/Info.plist;
				LD_RUNPATH_SEARCH_PATHS = (
					"$(inherited)",
					"@executable_path/Frameworks",
					"@loader_path/Frameworks",
				);
				PRODUCT_BUNDLE_IDENTIFIER = com.bclab.videostream.VideoStreamiOSUITests;
				PRODUCT_NAME = "$(TARGET_NAME)";
				SWIFT_VERSION = 5.0;
				TARGETED_DEVICE_FAMILY = "1,2";
				TEST_TARGET_NAME = VideoStreamiOS;
			};
			name = Release;
		};
/* End XCBuildConfiguration section */

/* Begin XCConfigurationList section */
		C73D9C9C25132AA000742835 /* Build configuration list for PBXProject "VideoStreamiOS" */ = {
			isa = XCConfigurationList;
			buildConfigurations = (
				C73D9CC925132AA300742835 /* Debug */,
				C73D9CCA25132AA300742835 /* Release */,
			);
			defaultConfigurationIsVisible = 0;
			defaultConfigurationName = Release;
		};
		C73D9CCB25132AA300742835 /* Build configuration list for PBXNativeTarget "VideoStreamiOS" */ = {
			isa = XCConfigurationList;
			buildConfigurations = (
				C73D9CCC25132AA300742835 /* Debug */,
				C73D9CCD25132AA300742835 /* Release */,
			);
			defaultConfigurationIsVisible = 0;
			defaultConfigurationName = Release;
		};
		C73D9CCE25132AA300742835 /* Build configuration list for PBXNativeTarget "VideoStreamiOSTests" */ = {
			isa = XCConfigurationList;
			buildConfigurations = (
				C73D9CCF25132AA300742835 /* Debug */,
				C73D9CD025132AA300742835 /* Release */,
			);
			defaultConfigurationIsVisible = 0;
			defaultConfigurationName = Release;
		};
		C73D9CD125132AA300742835 /* Build configuration list for PBXNativeTarget "VideoStreamiOSUITests" */ = {
			isa = XCConfigurationList;
			buildConfigurations = (
				C73D9CD225132AA300742835 /* Debug */,
				C73D9CD325132AA300742835 /* Release */,
			);
			defaultConfigurationIsVisible = 0;
			defaultConfigurationName = Release;
		};
/* End XCConfigurationList section */
	};
	rootObject = C73D9C9925132AA000742835 /* Project object */;
}
